<?xml version="1.0" encoding="utf-8"?>
<Project ToolsVersion="4.0" xmlns="http://schemas.microsoft.com/developer/msbuild/2003">
  <ItemGroup>
    <Filter Include="Source Files">
      <UniqueIdentifier>{4FC737F1-C7A5-4376-A066-2A32D752A2FF}</UniqueIdentifier>
      <Extensions>cpp;c;cxx;def;odl;idl;hpj;bat;asm;asmx</Extensions>
    </Filter>
    <Filter Include="Header Files">
      <UniqueIdentifier>{93995380-89BD-4b04-88EB-625FBE52EBFB}</UniqueIdentifier>
      <Extensions>h;hpp;hxx;hm;inl;inc;xsd</Extensions>
    </Filter>
    <Filter Include="Resource Files">
      <UniqueIdentifier>{67DA6AB6-F800-4c08-8B7A-83BB121AAD01}</UniqueIdentifier>
      <Extensions>rc;ico;cur;bmp;dlg;rc2;rct;bin;rgs;gif;jpg;jpeg;jpe;resx</Extensions>
    </Filter>
  </ItemGroup>
  <ItemGroup>
    <ClCompile Include="PluginDefinition.cpp">
      <Filter>Source Files</Filter>
    </ClCompile>
    <ClCompile Include="Dialogs\AboutDialog.cpp">
      <Filter>Source Files</Filter>
    </ClCompile>
    <ClCompile Include="Dialogs\Hyperlinks.cpp">
      <Filter>Source Files</Filter>
    </ClCompile>
    <ClCompile Include="Dialogs\StaticDialog.cpp">
      <Filter>Source Files</Filter>
    </ClCompile>
    <ClCompile Include="LuaScript.cpp">
      <Filter>Source Files</Filter>
    </ClCompile>
    <ClCompile Include="Dialogs\ConsoleDialog.cpp">
      <Filter>Source Files</Filter>
    </ClCompile>
    <ClCompile Include="Utilities\WcharMbcsConverter.cpp">
      <Filter>Source Files</Filter>
    </ClCompile>
    <ClCompile Include="NppExtensionAPI.cpp">
      <Filter>Source Files</Filter>
    </ClCompile>
    <ClCompile Include="SciTE\IFaceTable.cpp">
      <Filter>Source Files</Filter>
    </ClCompile>
    <ClCompile Include="SciTE\LuaExtension.cpp">
      <Filter>Source Files</Filter>
    </ClCompile>
    <ClCompile Include="SciTE\StyleWriter.cpp">
      <Filter>Source Files</Filter>
    </ClCompile>
    <ClCompile Include="SciTE\GUIWin.cpp">
      <Filter>Source Files</Filter>
    </ClCompile>
  </ItemGroup>
  <ItemGroup>
    <ClInclude Include="PluginDefinition.h">
      <Filter>Header Files</Filter>
    </ClInclude>
    <ClInclude Include="Version.h">
      <Filter>Header Files</Filter>
    </ClInclude>
    <ClInclude Include="Dialogs\AboutDialog.h">
      <Filter>Header Files</Filter>
    </ClInclude>
    <ClInclude Include="Dialogs\Hyperlinks.h">
      <Filter>Header Files</Filter>
    </ClInclude>
    <ClInclude Include="Dialogs\resource.h">
      <Filter>Header Files</Filter>
    </ClInclude>
    <ClInclude Include="Dialogs\StaticDialog.h">
      <Filter>Header Files</Filter>
    </ClInclude>
    <ClInclude Include="Dialogs\Window.h">
      <Filter>Header Files</Filter>
    </ClInclude>
    <ClInclude Include="Npp\menuCmdID.h">
      <Filter>Header Files</Filter>
    </ClInclude>
    <ClInclude Include="Npp\Notepad_plus_msgs.h">
      <Filter>Header Files</Filter>
    </ClInclude>
    <ClInclude Include="Npp\PluginInterface.h">
      <Filter>Header Files</Filter>
    </ClInclude>
    <ClInclude Include="Npp\Scintilla.h">
      <Filter>Header Files</Filter>
    </ClInclude>
    <ClInclude Include="Dialogs\ConsoleDialog.h">
      <Filter>Header Files</Filter>
    </ClInclude>
    <ClInclude Include="Npp\Docking.h">
      <Filter>Header Files</Filter>
    </ClInclude>
    <ClInclude Include="Npp\DockingDlgInterface.h">
      <Filter>Header Files</Filter>
    </ClInclude>
    <ClInclude Include="Npp\dockingResource.h">
      <Filter>Header Files</Filter>
    </ClInclude>
    <ClInclude Include="Npp\SciLexer.h">
      <Filter>Header Files</Filter>
    </ClInclude>
    <ClInclude Include="Utilities\WcharMbcsConverter.h">
      <Filter>Header Files</Filter>
    </ClInclude>
    <ClInclude Include="Dialogs\ConsoleInterface.h">
      <Filter>Header Files</Filter>
    </ClInclude>
    <ClInclude Include="Dialogs\LuaConsole.h">
      <Filter>Header Files</Filter>
    </ClInclude>
    <ClInclude Include="SciTE\IFaceTable.h">
      <Filter>Header Files</Filter>
    </ClInclude>
    <ClInclude Include="SciTE\LuaExtension.h">
      <Filter>Header Files</Filter>
    </ClInclude>
    <ClInclude Include="SciTE\StyleWriter.h">
      <Filter>Header Files</Filter>
    </ClInclude>
    <ClInclude Include="SciTE\GUI.h">
      <Filter>Header Files</Filter>
    </ClInclude>
    <ClInclude Include="NppExtensionAPI.h">
      <Filter>Header Files</Filter>
    </ClInclude>
  </ItemGroup>
  <ItemGroup>
    <ResourceCompile Include="Dialogs\resource.rc">
      <Filter>Resource Files</Filter>
    </ResourceCompile>
    <ResourceCompile Include="Dialogs\Version.rc">
      <Filter>Resource Files</Filter>
    </ResourceCompile>
  </ItemGroup>
  <ItemGroup>
    <Image Include="Dialogs\lua.ico">
      <Filter>Resource Files</Filter>
    </Image>
  </ItemGroup>
</Project>