
Microsoft Visual Studio Solution File, Format Version 12.00
# Visual Studio 2013
VisualStudioVersion = 12.0.40629.0
MinimumVisualStudioVersion = 10.0.40219.1
Project("{8BC9CEB8-8B4A-11D0-8D11-00A0C91BC942}") = "LuaScript", "LuaScript.vcxproj", "{1590D7CD-7D3A-4AB7-A355-EE02F7FB987D}"
	ProjectSection(ProjectDependencies) = postProject
		{FCFBB3B0-8628-4CD0-A9B7-1BFB34E31E2A} = {FCFBB3B0-8628-4CD0-A9B7-1BFB34E31E2A}
	EndProjectSection
EndProject
Project("{8BC9CEB8-8B4A-11D0-8D11-00A0C91BC942}") = "Lua", "Lua.vcxproj", "{FCFBB3B0-8628-4CD0-A9B7-1BFB34E31E2A}"
EndProject
Global
	GlobalSection(SolutionConfigurationPlatforms) = preSolution
		Unicode Debug|Win32 = Unicode Debug|Win32
		Unicode Release|Win32 = Unicode Release|Win32
	EndGlobalSection
	GlobalSection(ProjectConfigurationPlatforms) = postSolution
		{1590D7CD-7D3A-4AB7-A355-EE02F7FB987D}.Unicode Debug|Win32.ActiveCfg = Unicode Debug|Win32
		{1590D7CD-7D3A-4AB7-A355-EE02F7FB987D}.Unicode Debug|Win32.Build.0 = Unicode Debug|Win32
		{1590D7CD-7D3A-4AB7-A355-EE02F7FB987D}.Unicode Release|Win32.ActiveCfg = Unicode Release|Win32
		{1590D7CD-7D3A-4AB7-A355-EE02F7FB987D}.Unicode Release|Win32.Build.0 = Unicode Release|Win32
		{FCFBB3B0-8628-4CD0-A9B7-1BFB34E31E2A}.Unicode Debug|Win32.ActiveCfg = Unicode Debug|Win32
		{FCFBB3B0-8628-4CD0-A9B7-1BFB34E31E2A}.Unicode Debug|Win32.Build.0 = Unicode Debug|Win32
		{FCFBB3B0-8628-4CD0-A9B7-1BFB34E31E2A}.Unicode Release|Win32.ActiveCfg = Unicode Release|Win32
		{FCFBB3B0-8628-4CD0-A9B7-1BFB34E31E2A}.Unicode Release|Win32.Build.0 = Unicode Release|Win32
	EndGlobalSection
	GlobalSection(SolutionProperties) = preSolution
		HideSolutionNode = FALSE
	EndGlobalSection
EndGlobal
